
Microsoft Visual Studio Solution File, Format Version 12.00
# Visual Studio 14
VisualStudioVersion = 14.0.25420.1
MinimumVisualStudioVersion = 10.0.40219.1
Project("{2150E333-8FDC-42A3-9474-1A3956D46DE8}") = "Solution Items", "Solution Items", "{754E413D-24A5-4779-8B70-FC66F040D042}"
	ProjectSection(SolutionItems) = preProject
		.travis.yml = .travis.yml
		appveyor.yml = appveyor.yml
		global.json = global.json
		LICENSE = LICENSE
		README.md = README.md
	EndProjectSection
EndProject
Project("{2150E333-8FDC-42A3-9474-1A3956D46DE8}") = "src", "src", "{C1D2A111-5CFD-45DF-8CE2-A56050F3BF0A}"
EndProject
Project("{8BB2217D-0F2D-49D1-97BC-3654ED321F3B}") = "Qwack.Math.Interpolation", "src\Qwack.Math.Interpolation\Qwack.Math.Interpolation.xproj", "{026F0C48-6597-45A9-A8BA-2CB9E5446197}"
EndProject
Project("{2150E333-8FDC-42A3-9474-1A3956D46DE8}") = "test", "test", "{9550BFAC-7055-4B8B-B391-BC93D2588A16}"
EndProject
Project("{2150E333-8FDC-42A3-9474-1A3956D46DE8}") = "samples", "samples", "{6DB91873-6019-406B-A635-4DCFBC0993CB}"
EndProject
Project("{8BB2217D-0F2D-49D1-97BC-3654ED321F3B}") = "Qwack.Math.Tests", "test\Qwack.Math.Tests\Qwack.Math.Tests.xproj", "{72E8DB79-9DD3-4102-9E73-4E5390DCE2DB}"
EndProject
Project("{8BB2217D-0F2D-49D1-97BC-3654ED321F3B}") = "Qwack.Math", "src\Qwack.Math\Qwack.Math.xproj", "{D2D5E3AC-E0A7-45E5-A2E1-D5428EBF3A44}"
EndProject
Project("{8BB2217D-0F2D-49D1-97BC-3654ED321F3B}") = "Qwack.Dates", "src\Qwack.Dates\Qwack.Dates.xproj", "{B0A9CBE2-FF87-4B2E-95DB-3C2707595C5A}"
EndProject
Project("{8BB2217D-0F2D-49D1-97BC-3654ED321F3B}") = "Qwack.Dates.Tests", "test\Qwack.Dates.Tests\Qwack.Dates.Tests.xproj", "{7FB89E58-483E-42A1-807D-BEEE1DF2BC76}"
EndProject
Project("{8BB2217D-0F2D-49D1-97BC-3654ED321F3B}") = "Qwack.Core", "src\Qwack.Core\Qwack.Core.xproj", "{4195FE50-2868-4BFD-A876-13AC6DBE8781}"
EndProject
Project("{2150E333-8FDC-42A3-9474-1A3956D46DE8}") = "script", "script", "{EEBFB441-5A3E-4D5B-A546-EB37FB3C5F7E}"
	ProjectSection(SolutionItems) = preProject
		script\runtests.bat = script\runtests.bat
	EndProjectSection
EndProject
Project("{8BB2217D-0F2D-49D1-97BC-3654ED321F3B}") = "Qwack.Core.Tests", "test\Qwack.Core.Tests\Qwack.Core.Tests.xproj", "{2D89F7C2-484E-48A1-97B7-D993099AC7B2}"
EndProject
Project("{2150E333-8FDC-42A3-9474-1A3956D46DE8}") = "benchmark", "benchmark", "{ED011E7E-84F9-4DBE-A4AE-8F4AB2455929}"
EndProject
Project("{8BB2217D-0F2D-49D1-97BC-3654ED321F3B}") = "Qwack.Curves.Benchmark", "test\benchmark\Qwack.Curves.Benchmark\Qwack.Curves.Benchmark.xproj", "{43415D5C-A8AD-4875-A444-60FFBCA5C605}"
EndProject
Project("{8BB2217D-0F2D-49D1-97BC-3654ED321F3B}") = "Qwack.Providers", "src\Qwack.Providers\Qwack.Providers.xproj", "{13A7C8DF-F614-4028-AB8C-F0E624A84CEF}"
EndProject
Global
	GlobalSection(SolutionConfigurationPlatforms) = preSolution
		Debug|Any CPU = Debug|Any CPU
		Release|Any CPU = Release|Any CPU
	EndGlobalSection
	GlobalSection(ProjectConfigurationPlatforms) = postSolution
		{026F0C48-6597-45A9-A8BA-2CB9E5446197}.Debug|Any CPU.ActiveCfg = Debug|Any CPU
		{026F0C48-6597-45A9-A8BA-2CB9E5446197}.Debug|Any CPU.Build.0 = Debug|Any CPU
		{026F0C48-6597-45A9-A8BA-2CB9E5446197}.Release|Any CPU.ActiveCfg = Release|Any CPU
		{026F0C48-6597-45A9-A8BA-2CB9E5446197}.Release|Any CPU.Build.0 = Release|Any CPU
		{72E8DB79-9DD3-4102-9E73-4E5390DCE2DB}.Debug|Any CPU.ActiveCfg = Debug|Any CPU
		{72E8DB79-9DD3-4102-9E73-4E5390DCE2DB}.Debug|Any CPU.Build.0 = Debug|Any CPU
		{72E8DB79-9DD3-4102-9E73-4E5390DCE2DB}.Release|Any CPU.ActiveCfg = Release|Any CPU
		{72E8DB79-9DD3-4102-9E73-4E5390DCE2DB}.Release|Any CPU.Build.0 = Release|Any CPU
		{D2D5E3AC-E0A7-45E5-A2E1-D5428EBF3A44}.Debug|Any CPU.ActiveCfg = Debug|Any CPU
		{D2D5E3AC-E0A7-45E5-A2E1-D5428EBF3A44}.Debug|Any CPU.Build.0 = Debug|Any CPU
		{D2D5E3AC-E0A7-45E5-A2E1-D5428EBF3A44}.Release|Any CPU.ActiveCfg = Release|Any CPU
		{D2D5E3AC-E0A7-45E5-A2E1-D5428EBF3A44}.Release|Any CPU.Build.0 = Release|Any CPU
		{B0A9CBE2-FF87-4B2E-95DB-3C2707595C5A}.Debug|Any CPU.ActiveCfg = Debug|Any CPU
		{B0A9CBE2-FF87-4B2E-95DB-3C2707595C5A}.Debug|Any CPU.Build.0 = Debug|Any CPU
		{B0A9CBE2-FF87-4B2E-95DB-3C2707595C5A}.Release|Any CPU.ActiveCfg = Release|Any CPU
		{B0A9CBE2-FF87-4B2E-95DB-3C2707595C5A}.Release|Any CPU.Build.0 = Release|Any CPU
		{7FB89E58-483E-42A1-807D-BEEE1DF2BC76}.Debug|Any CPU.ActiveCfg = Debug|Any CPU
		{7FB89E58-483E-42A1-807D-BEEE1DF2BC76}.Debug|Any CPU.Build.0 = Debug|Any CPU
		{7FB89E58-483E-42A1-807D-BEEE1DF2BC76}.Release|Any CPU.ActiveCfg = Release|Any CPU
		{7FB89E58-483E-42A1-807D-BEEE1DF2BC76}.Release|Any CPU.Build.0 = Release|Any CPU
		{4195FE50-2868-4BFD-A876-13AC6DBE8781}.Debug|Any CPU.ActiveCfg = Debug|Any CPU
		{4195FE50-2868-4BFD-A876-13AC6DBE8781}.Debug|Any CPU.Build.0 = Debug|Any CPU
		{4195FE50-2868-4BFD-A876-13AC6DBE8781}.Release|Any CPU.ActiveCfg = Release|Any CPU
		{4195FE50-2868-4BFD-A876-13AC6DBE8781}.Release|Any CPU.Build.0 = Release|Any CPU
		{2D89F7C2-484E-48A1-97B7-D993099AC7B2}.Debug|Any CPU.ActiveCfg = Debug|Any CPU
		{2D89F7C2-484E-48A1-97B7-D993099AC7B2}.Debug|Any CPU.Build.0 = Debug|Any CPU
		{2D89F7C2-484E-48A1-97B7-D993099AC7B2}.Release|Any CPU.ActiveCfg = Release|Any CPU
		{2D89F7C2-484E-48A1-97B7-D993099AC7B2}.Release|Any CPU.Build.0 = Release|Any CPU
		{43415D5C-A8AD-4875-A444-60FFBCA5C605}.Debug|Any CPU.ActiveCfg = Debug|Any CPU
		{43415D5C-A8AD-4875-A444-60FFBCA5C605}.Debug|Any CPU.Build.0 = Debug|Any CPU
		{43415D5C-A8AD-4875-A444-60FFBCA5C605}.Release|Any CPU.ActiveCfg = Release|Any CPU
		{43415D5C-A8AD-4875-A444-60FFBCA5C605}.Release|Any CPU.Build.0 = Release|Any CPU
		{13A7C8DF-F614-4028-AB8C-F0E624A84CEF}.Debug|Any CPU.ActiveCfg = Debug|Any CPU
		{13A7C8DF-F614-4028-AB8C-F0E624A84CEF}.Debug|Any CPU.Build.0 = Debug|Any CPU
		{13A7C8DF-F614-4028-AB8C-F0E624A84CEF}.Release|Any CPU.ActiveCfg = Release|Any CPU
		{13A7C8DF-F614-4028-AB8C-F0E624A84CEF}.Release|Any CPU.Build.0 = Release|Any CPU
	EndGlobalSection
	GlobalSection(SolutionProperties) = preSolution
		HideSolutionNode = FALSE
	EndGlobalSection
	GlobalSection(NestedProjects) = preSolution
		{026F0C48-6597-45A9-A8BA-2CB9E5446197} = {C1D2A111-5CFD-45DF-8CE2-A56050F3BF0A}
		{72E8DB79-9DD3-4102-9E73-4E5390DCE2DB} = {9550BFAC-7055-4B8B-B391-BC93D2588A16}
		{D2D5E3AC-E0A7-45E5-A2E1-D5428EBF3A44} = {C1D2A111-5CFD-45DF-8CE2-A56050F3BF0A}
		{B0A9CBE2-FF87-4B2E-95DB-3C2707595C5A} = {C1D2A111-5CFD-45DF-8CE2-A56050F3BF0A}
		{7FB89E58-483E-42A1-807D-BEEE1DF2BC76} = {9550BFAC-7055-4B8B-B391-BC93D2588A16}
		{4195FE50-2868-4BFD-A876-13AC6DBE8781} = {C1D2A111-5CFD-45DF-8CE2-A56050F3BF0A}
		{2D89F7C2-484E-48A1-97B7-D993099AC7B2} = {9550BFAC-7055-4B8B-B391-BC93D2588A16}
		{ED011E7E-84F9-4DBE-A4AE-8F4AB2455929} = {9550BFAC-7055-4B8B-B391-BC93D2588A16}
		{43415D5C-A8AD-4875-A444-60FFBCA5C605} = {ED011E7E-84F9-4DBE-A4AE-8F4AB2455929}
		{13A7C8DF-F614-4028-AB8C-F0E624A84CEF} = {C1D2A111-5CFD-45DF-8CE2-A56050F3BF0A}
	EndGlobalSection
EndGlobal
