
Microsoft Visual Studio Solution File, Format Version 12.00
# Visual Studio Version 17
VisualStudioVersion = 17.5.33424.131
MinimumVisualStudioVersion = 10.0.40219.1
Project("{2150E333-8FDC-42A3-9474-1A3956D46DE8}") = "Solution Items", "Solution Items", "{754E413D-24A5-4779-8B70-FC66F040D042}"
	ProjectSection(SolutionItems) = preProject
		.EditorConfig = .EditorConfig
		.travis.yml = .travis.yml
		appveyor.yml = appveyor.yml
		common.props = common.props
		directory.build.props = directory.build.props
		LICENSE = LICENSE
		nuget.config = nuget.config
		PayoffLangauge.txt = PayoffLangauge.txt
		README.md = README.md
		version.props = version.props
		version.txt = version.txt
	EndProjectSection
EndProject
Project("{2150E333-8FDC-42A3-9474-1A3956D46DE8}") = "src", "src", "{C1D2A111-5CFD-45DF-8CE2-A56050F3BF0A}"
EndProject
Project("{2150E333-8FDC-42A3-9474-1A3956D46DE8}") = "test", "test", "{9550BFAC-7055-4B8B-B391-BC93D2588A16}"
EndProject
Project("{2150E333-8FDC-42A3-9474-1A3956D46DE8}") = "samples", "samples", "{6DB91873-6019-406B-A635-4DCFBC0993CB}"
EndProject
Project("{2150E333-8FDC-42A3-9474-1A3956D46DE8}") = "script", "script", "{EEBFB441-5A3E-4D5B-A546-EB37FB3C5F7E}"
	ProjectSection(SolutionItems) = preProject
		build.sh = build.sh
		script\runtests.bat = script\runtests.bat
	EndProjectSection
EndProject
Project("{2150E333-8FDC-42A3-9474-1A3956D46DE8}") = "benchmark", "benchmark", "{ED011E7E-84F9-4DBE-A4AE-8F4AB2455929}"
EndProject
Project("{2150E333-8FDC-42A3-9474-1A3956D46DE8}") = "data", "data", "{E7E258E0-9AE9-4ECD-B46C-740BBED8AFB6}"
	ProjectSection(SolutionItems) = preProject
		data\Calendars.json = data\Calendars.json
		Currencies.json = Currencies.json
		data\futuresettings.json = data\futuresettings.json
		clients\Qwack.CLI\futuresettings.json = clients\Qwack.CLI\futuresettings.json
		data\mt19937-64-Ints.txt = data\mt19937-64-Ints.txt
		data\SobolDirectionNumbers.txt = data\SobolDirectionNumbers.txt
		data\SobolTestOutput50x512.txt = data\SobolTestOutput50x512.txt
	EndProjectSection
EndProject
Project("{2150E333-8FDC-42A3-9474-1A3956D46DE8}") = "clients", "clients", "{58641E8B-8AB1-4D21-89DA-B8887907E082}"
EndProject
Project("{9A19103F-16F7-4668-BE54-9A1E7A4F7556}") = "Qwack.Math.Interpolation", "src\Qwack.Math.Interpolation\Qwack.Math.Interpolation.csproj", "{026F0C48-6597-45A9-A8BA-2CB9E5446197}"
EndProject
Project("{9A19103F-16F7-4668-BE54-9A1E7A4F7556}") = "Qwack.Math.Tests", "test\Qwack.Math.Tests\Qwack.Math.Tests.csproj", "{72E8DB79-9DD3-4102-9E73-4E5390DCE2DB}"
EndProject
Project("{9A19103F-16F7-4668-BE54-9A1E7A4F7556}") = "Qwack.Math", "src\Qwack.Math\Qwack.Math.csproj", "{D2D5E3AC-E0A7-45E5-A2E1-D5428EBF3A44}"
EndProject
Project("{9A19103F-16F7-4668-BE54-9A1E7A4F7556}") = "Qwack.Dates", "src\Qwack.Dates\Qwack.Dates.csproj", "{B0A9CBE2-FF87-4B2E-95DB-3C2707595C5A}"
EndProject
Project("{9A19103F-16F7-4668-BE54-9A1E7A4F7556}") = "Qwack.Dates.Tests", "test\Qwack.Dates.Tests\Qwack.Dates.Tests.csproj", "{7FB89E58-483E-42A1-807D-BEEE1DF2BC76}"
EndProject
Project("{9A19103F-16F7-4668-BE54-9A1E7A4F7556}") = "Qwack.Core", "src\Qwack.Core\Qwack.Core.csproj", "{4195FE50-2868-4BFD-A876-13AC6DBE8781}"
EndProject
Project("{9A19103F-16F7-4668-BE54-9A1E7A4F7556}") = "Qwack.Core.Tests", "test\Qwack.Core.Tests\Qwack.Core.Tests.csproj", "{2D89F7C2-484E-48A1-97B7-D993099AC7B2}"
EndProject
Project("{9A19103F-16F7-4668-BE54-9A1E7A4F7556}") = "Qwack.Curves.Benchmark", "test\benchmark\Qwack.Curves.Benchmark\Qwack.Curves.Benchmark.csproj", "{43415D5C-A8AD-4875-A444-60FFBCA5C605}"
EndProject
Project("{9A19103F-16F7-4668-BE54-9A1E7A4F7556}") = "Qwack.Providers", "src\Qwack.Providers\Qwack.Providers.csproj", "{13A7C8DF-F614-4028-AB8C-F0E624A84CEF}"
EndProject
Project("{9A19103F-16F7-4668-BE54-9A1E7A4F7556}") = "Qwack.Options", "src\Qwack.Options\Qwack.Options.csproj", "{AD3BF73F-2F83-4D8A-AFC4-0B0BE699EDA1}"
EndProject
Project("{9A19103F-16F7-4668-BE54-9A1E7A4F7556}") = "Qwack.Random", "src\Qwack.Random\Qwack.Random.csproj", "{73CB2A9D-1796-4235-82E9-813F25748B7D}"
EndProject
Project("{9A19103F-16F7-4668-BE54-9A1E7A4F7556}") = "Qwack.Utils", "src\Qwack.Utils\Qwack.Utils.csproj", "{DDE24874-3891-4865-A313-379F8EA64825}"
EndProject
Project("{9A19103F-16F7-4668-BE54-9A1E7A4F7556}") = "Qwack.Paths", "src\Qwack.Paths\Qwack.Paths.csproj", "{9E5244B7-9669-4E2F-B30D-1C77AC99C193}"
EndProject
Project("{9A19103F-16F7-4668-BE54-9A1E7A4F7556}") = "Qwack.MonteCarlo.Test", "test\Qwack.MonteCarlo.Test\Qwack.MonteCarlo.Test.csproj", "{A38BE793-0F84-4F32-98D3-825A2B58B4F9}"
EndProject
Project("{9A19103F-16F7-4668-BE54-9A1E7A4F7556}") = "Qwack.Excel.Tests", "test\Qwack.Excel.Tests\Qwack.Excel.Tests.csproj", "{D12D2E06-612F-419E-9C95-23A8752C3045}"
EndProject
Project("{9A19103F-16F7-4668-BE54-9A1E7A4F7556}") = "Qwack.Futures", "src\Qwack.Futures\Qwack.Futures.csproj", "{312D53A0-2428-4203-A13B-3A161E50F114}"
EndProject
Project("{9A19103F-16F7-4668-BE54-9A1E7A4F7556}") = "Qwack.Storage", "src\Qwack.Storage\Qwack.Storage.csproj", "{4CA04336-E415-4EBA-81F3-ABFDCD0D0A03}"
EndProject
Project("{9A19103F-16F7-4668-BE54-9A1E7A4F7556}") = "Qwack.Models", "src\Qwack.Models\Qwack.Models.csproj", "{75A9145A-9B09-48DC-A28E-4C8C6ECFD7E4}"
EndProject
Project("{9A19103F-16F7-4668-BE54-9A1E7A4F7556}") = "Qwack.Models.Tests", "test\Qwack.Models.Tests\Qwack.Models.Tests.csproj", "{82E5059A-1A2D-4815-A9C1-933D39A6D499}"
EndProject
Project("{9A19103F-16F7-4668-BE54-9A1E7A4F7556}") = "Qwack.Serialization", "src\Qwack.Serialization\Qwack.Serialization.csproj", "{EFBB6B01-BCD2-4795-B9CE-F0417003EF72}"
EndProject
Project("{9A19103F-16F7-4668-BE54-9A1E7A4F7556}") = "Qwack.Serialization.Test", "test\Qwack.Serialization.Test\Qwack.Serialization.Test.csproj", "{41FF0821-B70C-431C-9CAA-10A8453144A9}"
EndProject
Project("{9A19103F-16F7-4668-BE54-9A1E7A4F7556}") = "Qwack.Transport", "src\Qwack.Transport\Qwack.Transport.csproj", "{9140A196-BE72-4D70-9641-86C57F0E8431}"
EndProject
Project("{9A19103F-16F7-4668-BE54-9A1E7A4F7556}") = "Qwack.CLI", "clients\Qwack.CLI\Qwack.CLI.csproj", "{A38D741C-56D9-40D9-AD3E-C045F4D79637}"
EndProject
Project("{9A19103F-16F7-4668-BE54-9A1E7A4F7556}") = "Qwack.Transport.Tests", "test\Qwack.Transport.Tests\Qwack.Transport.Tests.csproj", "{395E9B68-21B2-42CB-AE13-868726760EC3}"
EndProject
Project("{9A19103F-16F7-4668-BE54-9A1E7A4F7556}") = "Qwack.Excel.Next", "clients\Qwack.Excel.Next\Qwack.Excel.Next.csproj", "{BAB9BC4F-3452-4A25-9F26-69C73D58AFDF}"
EndProject
Global
	GlobalSection(SolutionConfigurationPlatforms) = preSolution
		Debug|Any CPU = Debug|Any CPU
		Debug|x64 = Debug|x64
		Debug|x86 = Debug|x86
		Release|Any CPU = Release|Any CPU
		Release|x64 = Release|x64
		Release|x86 = Release|x86
	EndGlobalSection
	GlobalSection(ProjectConfigurationPlatforms) = postSolution
		{026F0C48-6597-45A9-A8BA-2CB9E5446197}.Debug|Any CPU.ActiveCfg = Debug|Any CPU
		{026F0C48-6597-45A9-A8BA-2CB9E5446197}.Debug|Any CPU.Build.0 = Debug|Any CPU
		{026F0C48-6597-45A9-A8BA-2CB9E5446197}.Debug|x64.ActiveCfg = Debug|Any CPU
		{026F0C48-6597-45A9-A8BA-2CB9E5446197}.Debug|x64.Build.0 = Debug|Any CPU
		{026F0C48-6597-45A9-A8BA-2CB9E5446197}.Debug|x86.ActiveCfg = Debug|Any CPU
		{026F0C48-6597-45A9-A8BA-2CB9E5446197}.Debug|x86.Build.0 = Debug|Any CPU
		{026F0C48-6597-45A9-A8BA-2CB9E5446197}.Release|Any CPU.ActiveCfg = Release|Any CPU
		{026F0C48-6597-45A9-A8BA-2CB9E5446197}.Release|Any CPU.Build.0 = Release|Any CPU
		{026F0C48-6597-45A9-A8BA-2CB9E5446197}.Release|x64.ActiveCfg = Release|Any CPU
		{026F0C48-6597-45A9-A8BA-2CB9E5446197}.Release|x64.Build.0 = Release|Any CPU
		{026F0C48-6597-45A9-A8BA-2CB9E5446197}.Release|x86.ActiveCfg = Release|Any CPU
		{026F0C48-6597-45A9-A8BA-2CB9E5446197}.Release|x86.Build.0 = Release|Any CPU
		{72E8DB79-9DD3-4102-9E73-4E5390DCE2DB}.Debug|Any CPU.ActiveCfg = Debug|Any CPU
		{72E8DB79-9DD3-4102-9E73-4E5390DCE2DB}.Debug|Any CPU.Build.0 = Debug|Any CPU
		{72E8DB79-9DD3-4102-9E73-4E5390DCE2DB}.Debug|x64.ActiveCfg = Debug|Any CPU
		{72E8DB79-9DD3-4102-9E73-4E5390DCE2DB}.Debug|x64.Build.0 = Debug|Any CPU
		{72E8DB79-9DD3-4102-9E73-4E5390DCE2DB}.Debug|x86.ActiveCfg = Debug|Any CPU
		{72E8DB79-9DD3-4102-9E73-4E5390DCE2DB}.Debug|x86.Build.0 = Debug|Any CPU
		{72E8DB79-9DD3-4102-9E73-4E5390DCE2DB}.Release|Any CPU.ActiveCfg = Release|Any CPU
		{72E8DB79-9DD3-4102-9E73-4E5390DCE2DB}.Release|Any CPU.Build.0 = Release|Any CPU
		{72E8DB79-9DD3-4102-9E73-4E5390DCE2DB}.Release|x64.ActiveCfg = Release|Any CPU
		{72E8DB79-9DD3-4102-9E73-4E5390DCE2DB}.Release|x64.Build.0 = Release|Any CPU
		{72E8DB79-9DD3-4102-9E73-4E5390DCE2DB}.Release|x86.ActiveCfg = Release|Any CPU
		{72E8DB79-9DD3-4102-9E73-4E5390DCE2DB}.Release|x86.Build.0 = Release|Any CPU
		{D2D5E3AC-E0A7-45E5-A2E1-D5428EBF3A44}.Debug|Any CPU.ActiveCfg = Debug|Any CPU
		{D2D5E3AC-E0A7-45E5-A2E1-D5428EBF3A44}.Debug|Any CPU.Build.0 = Debug|Any CPU
		{D2D5E3AC-E0A7-45E5-A2E1-D5428EBF3A44}.Debug|x64.ActiveCfg = Debug|Any CPU
		{D2D5E3AC-E0A7-45E5-A2E1-D5428EBF3A44}.Debug|x64.Build.0 = Debug|Any CPU
		{D2D5E3AC-E0A7-45E5-A2E1-D5428EBF3A44}.Debug|x86.ActiveCfg = Debug|Any CPU
		{D2D5E3AC-E0A7-45E5-A2E1-D5428EBF3A44}.Debug|x86.Build.0 = Debug|Any CPU
		{D2D5E3AC-E0A7-45E5-A2E1-D5428EBF3A44}.Release|Any CPU.ActiveCfg = Release|Any CPU
		{D2D5E3AC-E0A7-45E5-A2E1-D5428EBF3A44}.Release|Any CPU.Build.0 = Release|Any CPU
		{D2D5E3AC-E0A7-45E5-A2E1-D5428EBF3A44}.Release|x64.ActiveCfg = Release|Any CPU
		{D2D5E3AC-E0A7-45E5-A2E1-D5428EBF3A44}.Release|x64.Build.0 = Release|Any CPU
		{D2D5E3AC-E0A7-45E5-A2E1-D5428EBF3A44}.Release|x86.ActiveCfg = Release|Any CPU
		{D2D5E3AC-E0A7-45E5-A2E1-D5428EBF3A44}.Release|x86.Build.0 = Release|Any CPU
		{B0A9CBE2-FF87-4B2E-95DB-3C2707595C5A}.Debug|Any CPU.ActiveCfg = Debug|Any CPU
		{B0A9CBE2-FF87-4B2E-95DB-3C2707595C5A}.Debug|Any CPU.Build.0 = Debug|Any CPU
		{B0A9CBE2-FF87-4B2E-95DB-3C2707595C5A}.Debug|x64.ActiveCfg = Debug|Any CPU
		{B0A9CBE2-FF87-4B2E-95DB-3C2707595C5A}.Debug|x64.Build.0 = Debug|Any CPU
		{B0A9CBE2-FF87-4B2E-95DB-3C2707595C5A}.Debug|x86.ActiveCfg = Debug|Any CPU
		{B0A9CBE2-FF87-4B2E-95DB-3C2707595C5A}.Debug|x86.Build.0 = Debug|Any CPU
		{B0A9CBE2-FF87-4B2E-95DB-3C2707595C5A}.Release|Any CPU.ActiveCfg = Release|Any CPU
		{B0A9CBE2-FF87-4B2E-95DB-3C2707595C5A}.Release|Any CPU.Build.0 = Release|Any CPU
		{B0A9CBE2-FF87-4B2E-95DB-3C2707595C5A}.Release|x64.ActiveCfg = Release|Any CPU
		{B0A9CBE2-FF87-4B2E-95DB-3C2707595C5A}.Release|x64.Build.0 = Release|Any CPU
		{B0A9CBE2-FF87-4B2E-95DB-3C2707595C5A}.Release|x86.ActiveCfg = Release|Any CPU
		{B0A9CBE2-FF87-4B2E-95DB-3C2707595C5A}.Release|x86.Build.0 = Release|Any CPU
		{7FB89E58-483E-42A1-807D-BEEE1DF2BC76}.Debug|Any CPU.ActiveCfg = Debug|Any CPU
		{7FB89E58-483E-42A1-807D-BEEE1DF2BC76}.Debug|Any CPU.Build.0 = Debug|Any CPU
		{7FB89E58-483E-42A1-807D-BEEE1DF2BC76}.Debug|x64.ActiveCfg = Debug|Any CPU
		{7FB89E58-483E-42A1-807D-BEEE1DF2BC76}.Debug|x64.Build.0 = Debug|Any CPU
		{7FB89E58-483E-42A1-807D-BEEE1DF2BC76}.Debug|x86.ActiveCfg = Debug|Any CPU
		{7FB89E58-483E-42A1-807D-BEEE1DF2BC76}.Debug|x86.Build.0 = Debug|Any CPU
		{7FB89E58-483E-42A1-807D-BEEE1DF2BC76}.Release|Any CPU.ActiveCfg = Release|Any CPU
		{7FB89E58-483E-42A1-807D-BEEE1DF2BC76}.Release|Any CPU.Build.0 = Release|Any CPU
		{7FB89E58-483E-42A1-807D-BEEE1DF2BC76}.Release|x64.ActiveCfg = Release|Any CPU
		{7FB89E58-483E-42A1-807D-BEEE1DF2BC76}.Release|x64.Build.0 = Release|Any CPU
		{7FB89E58-483E-42A1-807D-BEEE1DF2BC76}.Release|x86.ActiveCfg = Release|Any CPU
		{7FB89E58-483E-42A1-807D-BEEE1DF2BC76}.Release|x86.Build.0 = Release|Any CPU
		{4195FE50-2868-4BFD-A876-13AC6DBE8781}.Debug|Any CPU.ActiveCfg = Debug|Any CPU
		{4195FE50-2868-4BFD-A876-13AC6DBE8781}.Debug|Any CPU.Build.0 = Debug|Any CPU
		{4195FE50-2868-4BFD-A876-13AC6DBE8781}.Debug|x64.ActiveCfg = Debug|Any CPU
		{4195FE50-2868-4BFD-A876-13AC6DBE8781}.Debug|x64.Build.0 = Debug|Any CPU
		{4195FE50-2868-4BFD-A876-13AC6DBE8781}.Debug|x86.ActiveCfg = Debug|Any CPU
		{4195FE50-2868-4BFD-A876-13AC6DBE8781}.Debug|x86.Build.0 = Debug|Any CPU
		{4195FE50-2868-4BFD-A876-13AC6DBE8781}.Release|Any CPU.ActiveCfg = Release|Any CPU
		{4195FE50-2868-4BFD-A876-13AC6DBE8781}.Release|Any CPU.Build.0 = Release|Any CPU
		{4195FE50-2868-4BFD-A876-13AC6DBE8781}.Release|x64.ActiveCfg = Release|Any CPU
		{4195FE50-2868-4BFD-A876-13AC6DBE8781}.Release|x64.Build.0 = Release|Any CPU
		{4195FE50-2868-4BFD-A876-13AC6DBE8781}.Release|x86.ActiveCfg = Release|Any CPU
		{4195FE50-2868-4BFD-A876-13AC6DBE8781}.Release|x86.Build.0 = Release|Any CPU
		{2D89F7C2-484E-48A1-97B7-D993099AC7B2}.Debug|Any CPU.ActiveCfg = Debug|Any CPU
		{2D89F7C2-484E-48A1-97B7-D993099AC7B2}.Debug|Any CPU.Build.0 = Debug|Any CPU
		{2D89F7C2-484E-48A1-97B7-D993099AC7B2}.Debug|x64.ActiveCfg = Debug|Any CPU
		{2D89F7C2-484E-48A1-97B7-D993099AC7B2}.Debug|x64.Build.0 = Debug|Any CPU
		{2D89F7C2-484E-48A1-97B7-D993099AC7B2}.Debug|x86.ActiveCfg = Debug|Any CPU
		{2D89F7C2-484E-48A1-97B7-D993099AC7B2}.Debug|x86.Build.0 = Debug|Any CPU
		{2D89F7C2-484E-48A1-97B7-D993099AC7B2}.Release|Any CPU.ActiveCfg = Release|Any CPU
		{2D89F7C2-484E-48A1-97B7-D993099AC7B2}.Release|Any CPU.Build.0 = Release|Any CPU
		{2D89F7C2-484E-48A1-97B7-D993099AC7B2}.Release|x64.ActiveCfg = Release|Any CPU
		{2D89F7C2-484E-48A1-97B7-D993099AC7B2}.Release|x64.Build.0 = Release|Any CPU
		{2D89F7C2-484E-48A1-97B7-D993099AC7B2}.Release|x86.ActiveCfg = Release|Any CPU
		{2D89F7C2-484E-48A1-97B7-D993099AC7B2}.Release|x86.Build.0 = Release|Any CPU
		{43415D5C-A8AD-4875-A444-60FFBCA5C605}.Debug|Any CPU.ActiveCfg = Debug|Any CPU
		{43415D5C-A8AD-4875-A444-60FFBCA5C605}.Debug|Any CPU.Build.0 = Debug|Any CPU
		{43415D5C-A8AD-4875-A444-60FFBCA5C605}.Debug|x64.ActiveCfg = Debug|Any CPU
		{43415D5C-A8AD-4875-A444-60FFBCA5C605}.Debug|x64.Build.0 = Debug|Any CPU
		{43415D5C-A8AD-4875-A444-60FFBCA5C605}.Debug|x86.ActiveCfg = Debug|Any CPU
		{43415D5C-A8AD-4875-A444-60FFBCA5C605}.Debug|x86.Build.0 = Debug|Any CPU
		{43415D5C-A8AD-4875-A444-60FFBCA5C605}.Release|Any CPU.ActiveCfg = Release|Any CPU
		{43415D5C-A8AD-4875-A444-60FFBCA5C605}.Release|Any CPU.Build.0 = Release|Any CPU
		{43415D5C-A8AD-4875-A444-60FFBCA5C605}.Release|x64.ActiveCfg = Release|Any CPU
		{43415D5C-A8AD-4875-A444-60FFBCA5C605}.Release|x64.Build.0 = Release|Any CPU
		{43415D5C-A8AD-4875-A444-60FFBCA5C605}.Release|x86.ActiveCfg = Release|Any CPU
		{43415D5C-A8AD-4875-A444-60FFBCA5C605}.Release|x86.Build.0 = Release|Any CPU
		{13A7C8DF-F614-4028-AB8C-F0E624A84CEF}.Debug|Any CPU.ActiveCfg = Debug|Any CPU
		{13A7C8DF-F614-4028-AB8C-F0E624A84CEF}.Debug|Any CPU.Build.0 = Debug|Any CPU
		{13A7C8DF-F614-4028-AB8C-F0E624A84CEF}.Debug|x64.ActiveCfg = Debug|Any CPU
		{13A7C8DF-F614-4028-AB8C-F0E624A84CEF}.Debug|x64.Build.0 = Debug|Any CPU
		{13A7C8DF-F614-4028-AB8C-F0E624A84CEF}.Debug|x86.ActiveCfg = Debug|Any CPU
		{13A7C8DF-F614-4028-AB8C-F0E624A84CEF}.Debug|x86.Build.0 = Debug|Any CPU
		{13A7C8DF-F614-4028-AB8C-F0E624A84CEF}.Release|Any CPU.ActiveCfg = Release|Any CPU
		{13A7C8DF-F614-4028-AB8C-F0E624A84CEF}.Release|Any CPU.Build.0 = Release|Any CPU
		{13A7C8DF-F614-4028-AB8C-F0E624A84CEF}.Release|x64.ActiveCfg = Release|Any CPU
		{13A7C8DF-F614-4028-AB8C-F0E624A84CEF}.Release|x64.Build.0 = Release|Any CPU
		{13A7C8DF-F614-4028-AB8C-F0E624A84CEF}.Release|x86.ActiveCfg = Release|Any CPU
		{13A7C8DF-F614-4028-AB8C-F0E624A84CEF}.Release|x86.Build.0 = Release|Any CPU
		{AD3BF73F-2F83-4D8A-AFC4-0B0BE699EDA1}.Debug|Any CPU.ActiveCfg = Debug|Any CPU
		{AD3BF73F-2F83-4D8A-AFC4-0B0BE699EDA1}.Debug|Any CPU.Build.0 = Debug|Any CPU
		{AD3BF73F-2F83-4D8A-AFC4-0B0BE699EDA1}.Debug|x64.ActiveCfg = Debug|Any CPU
		{AD3BF73F-2F83-4D8A-AFC4-0B0BE699EDA1}.Debug|x64.Build.0 = Debug|Any CPU
		{AD3BF73F-2F83-4D8A-AFC4-0B0BE699EDA1}.Debug|x86.ActiveCfg = Debug|Any CPU
		{AD3BF73F-2F83-4D8A-AFC4-0B0BE699EDA1}.Debug|x86.Build.0 = Debug|Any CPU
		{AD3BF73F-2F83-4D8A-AFC4-0B0BE699EDA1}.Release|Any CPU.ActiveCfg = Release|Any CPU
		{AD3BF73F-2F83-4D8A-AFC4-0B0BE699EDA1}.Release|Any CPU.Build.0 = Release|Any CPU
		{AD3BF73F-2F83-4D8A-AFC4-0B0BE699EDA1}.Release|x64.ActiveCfg = Release|Any CPU
		{AD3BF73F-2F83-4D8A-AFC4-0B0BE699EDA1}.Release|x64.Build.0 = Release|Any CPU
		{AD3BF73F-2F83-4D8A-AFC4-0B0BE699EDA1}.Release|x86.ActiveCfg = Release|Any CPU
		{AD3BF73F-2F83-4D8A-AFC4-0B0BE699EDA1}.Release|x86.Build.0 = Release|Any CPU
		{73CB2A9D-1796-4235-82E9-813F25748B7D}.Debug|Any CPU.ActiveCfg = Debug|Any CPU
		{73CB2A9D-1796-4235-82E9-813F25748B7D}.Debug|Any CPU.Build.0 = Debug|Any CPU
		{73CB2A9D-1796-4235-82E9-813F25748B7D}.Debug|x64.ActiveCfg = Debug|Any CPU
		{73CB2A9D-1796-4235-82E9-813F25748B7D}.Debug|x64.Build.0 = Debug|Any CPU
		{73CB2A9D-1796-4235-82E9-813F25748B7D}.Debug|x86.ActiveCfg = Debug|Any CPU
		{73CB2A9D-1796-4235-82E9-813F25748B7D}.Debug|x86.Build.0 = Debug|Any CPU
		{73CB2A9D-1796-4235-82E9-813F25748B7D}.Release|Any CPU.ActiveCfg = Release|Any CPU
		{73CB2A9D-1796-4235-82E9-813F25748B7D}.Release|Any CPU.Build.0 = Release|Any CPU
		{73CB2A9D-1796-4235-82E9-813F25748B7D}.Release|x64.ActiveCfg = Release|Any CPU
		{73CB2A9D-1796-4235-82E9-813F25748B7D}.Release|x64.Build.0 = Release|Any CPU
		{73CB2A9D-1796-4235-82E9-813F25748B7D}.Release|x86.ActiveCfg = Release|Any CPU
		{73CB2A9D-1796-4235-82E9-813F25748B7D}.Release|x86.Build.0 = Release|Any CPU
		{DDE24874-3891-4865-A313-379F8EA64825}.Debug|Any CPU.ActiveCfg = Debug|Any CPU
		{DDE24874-3891-4865-A313-379F8EA64825}.Debug|Any CPU.Build.0 = Debug|Any CPU
		{DDE24874-3891-4865-A313-379F8EA64825}.Debug|x64.ActiveCfg = Debug|Any CPU
		{DDE24874-3891-4865-A313-379F8EA64825}.Debug|x64.Build.0 = Debug|Any CPU
		{DDE24874-3891-4865-A313-379F8EA64825}.Debug|x86.ActiveCfg = Debug|Any CPU
		{DDE24874-3891-4865-A313-379F8EA64825}.Debug|x86.Build.0 = Debug|Any CPU
		{DDE24874-3891-4865-A313-379F8EA64825}.Release|Any CPU.ActiveCfg = Release|Any CPU
		{DDE24874-3891-4865-A313-379F8EA64825}.Release|Any CPU.Build.0 = Release|Any CPU
		{DDE24874-3891-4865-A313-379F8EA64825}.Release|x64.ActiveCfg = Release|Any CPU
		{DDE24874-3891-4865-A313-379F8EA64825}.Release|x64.Build.0 = Release|Any CPU
		{DDE24874-3891-4865-A313-379F8EA64825}.Release|x86.ActiveCfg = Release|Any CPU
		{DDE24874-3891-4865-A313-379F8EA64825}.Release|x86.Build.0 = Release|Any CPU
		{9E5244B7-9669-4E2F-B30D-1C77AC99C193}.Debug|Any CPU.ActiveCfg = Debug|Any CPU
		{9E5244B7-9669-4E2F-B30D-1C77AC99C193}.Debug|Any CPU.Build.0 = Debug|Any CPU
		{9E5244B7-9669-4E2F-B30D-1C77AC99C193}.Debug|x64.ActiveCfg = Debug|Any CPU
		{9E5244B7-9669-4E2F-B30D-1C77AC99C193}.Debug|x64.Build.0 = Debug|Any CPU
		{9E5244B7-9669-4E2F-B30D-1C77AC99C193}.Debug|x86.ActiveCfg = Debug|Any CPU
		{9E5244B7-9669-4E2F-B30D-1C77AC99C193}.Debug|x86.Build.0 = Debug|Any CPU
		{9E5244B7-9669-4E2F-B30D-1C77AC99C193}.Release|Any CPU.ActiveCfg = Release|Any CPU
		{9E5244B7-9669-4E2F-B30D-1C77AC99C193}.Release|Any CPU.Build.0 = Release|Any CPU
		{9E5244B7-9669-4E2F-B30D-1C77AC99C193}.Release|x64.ActiveCfg = Release|Any CPU
		{9E5244B7-9669-4E2F-B30D-1C77AC99C193}.Release|x64.Build.0 = Release|Any CPU
		{9E5244B7-9669-4E2F-B30D-1C77AC99C193}.Release|x86.ActiveCfg = Release|Any CPU
		{9E5244B7-9669-4E2F-B30D-1C77AC99C193}.Release|x86.Build.0 = Release|Any CPU
		{A38BE793-0F84-4F32-98D3-825A2B58B4F9}.Debug|Any CPU.ActiveCfg = Debug|Any CPU
		{A38BE793-0F84-4F32-98D3-825A2B58B4F9}.Debug|Any CPU.Build.0 = Debug|Any CPU
		{A38BE793-0F84-4F32-98D3-825A2B58B4F9}.Debug|x64.ActiveCfg = Debug|Any CPU
		{A38BE793-0F84-4F32-98D3-825A2B58B4F9}.Debug|x64.Build.0 = Debug|Any CPU
		{A38BE793-0F84-4F32-98D3-825A2B58B4F9}.Debug|x86.ActiveCfg = Debug|Any CPU
		{A38BE793-0F84-4F32-98D3-825A2B58B4F9}.Debug|x86.Build.0 = Debug|Any CPU
		{A38BE793-0F84-4F32-98D3-825A2B58B4F9}.Release|Any CPU.ActiveCfg = Release|Any CPU
		{A38BE793-0F84-4F32-98D3-825A2B58B4F9}.Release|Any CPU.Build.0 = Release|Any CPU
		{A38BE793-0F84-4F32-98D3-825A2B58B4F9}.Release|x64.ActiveCfg = Release|Any CPU
		{A38BE793-0F84-4F32-98D3-825A2B58B4F9}.Release|x64.Build.0 = Release|Any CPU
		{A38BE793-0F84-4F32-98D3-825A2B58B4F9}.Release|x86.ActiveCfg = Release|Any CPU
		{A38BE793-0F84-4F32-98D3-825A2B58B4F9}.Release|x86.Build.0 = Release|Any CPU
		{D12D2E06-612F-419E-9C95-23A8752C3045}.Debug|Any CPU.ActiveCfg = Debug|Any CPU
		{D12D2E06-612F-419E-9C95-23A8752C3045}.Debug|Any CPU.Build.0 = Debug|Any CPU
		{D12D2E06-612F-419E-9C95-23A8752C3045}.Debug|x64.ActiveCfg = Debug|Any CPU
		{D12D2E06-612F-419E-9C95-23A8752C3045}.Debug|x64.Build.0 = Debug|Any CPU
		{D12D2E06-612F-419E-9C95-23A8752C3045}.Debug|x86.ActiveCfg = Debug|Any CPU
		{D12D2E06-612F-419E-9C95-23A8752C3045}.Debug|x86.Build.0 = Debug|Any CPU
		{D12D2E06-612F-419E-9C95-23A8752C3045}.Release|Any CPU.ActiveCfg = Release|Any CPU
		{D12D2E06-612F-419E-9C95-23A8752C3045}.Release|Any CPU.Build.0 = Release|Any CPU
		{D12D2E06-612F-419E-9C95-23A8752C3045}.Release|x64.ActiveCfg = Release|Any CPU
		{D12D2E06-612F-419E-9C95-23A8752C3045}.Release|x64.Build.0 = Release|Any CPU
		{D12D2E06-612F-419E-9C95-23A8752C3045}.Release|x86.ActiveCfg = Release|Any CPU
		{D12D2E06-612F-419E-9C95-23A8752C3045}.Release|x86.Build.0 = Release|Any CPU
		{312D53A0-2428-4203-A13B-3A161E50F114}.Debug|Any CPU.ActiveCfg = Debug|Any CPU
		{312D53A0-2428-4203-A13B-3A161E50F114}.Debug|Any CPU.Build.0 = Debug|Any CPU
		{312D53A0-2428-4203-A13B-3A161E50F114}.Debug|x64.ActiveCfg = Debug|Any CPU
		{312D53A0-2428-4203-A13B-3A161E50F114}.Debug|x64.Build.0 = Debug|Any CPU
		{312D53A0-2428-4203-A13B-3A161E50F114}.Debug|x86.ActiveCfg = Debug|Any CPU
		{312D53A0-2428-4203-A13B-3A161E50F114}.Debug|x86.Build.0 = Debug|Any CPU
		{312D53A0-2428-4203-A13B-3A161E50F114}.Release|Any CPU.ActiveCfg = Release|Any CPU
		{312D53A0-2428-4203-A13B-3A161E50F114}.Release|Any CPU.Build.0 = Release|Any CPU
		{312D53A0-2428-4203-A13B-3A161E50F114}.Release|x64.ActiveCfg = Release|Any CPU
		{312D53A0-2428-4203-A13B-3A161E50F114}.Release|x64.Build.0 = Release|Any CPU
		{312D53A0-2428-4203-A13B-3A161E50F114}.Release|x86.ActiveCfg = Release|Any CPU
		{312D53A0-2428-4203-A13B-3A161E50F114}.Release|x86.Build.0 = Release|Any CPU
		{4CA04336-E415-4EBA-81F3-ABFDCD0D0A03}.Debug|Any CPU.ActiveCfg = Debug|Any CPU
		{4CA04336-E415-4EBA-81F3-ABFDCD0D0A03}.Debug|Any CPU.Build.0 = Debug|Any CPU
		{4CA04336-E415-4EBA-81F3-ABFDCD0D0A03}.Debug|x64.ActiveCfg = Debug|Any CPU
		{4CA04336-E415-4EBA-81F3-ABFDCD0D0A03}.Debug|x64.Build.0 = Debug|Any CPU
		{4CA04336-E415-4EBA-81F3-ABFDCD0D0A03}.Debug|x86.ActiveCfg = Debug|Any CPU
		{4CA04336-E415-4EBA-81F3-ABFDCD0D0A03}.Debug|x86.Build.0 = Debug|Any CPU
		{4CA04336-E415-4EBA-81F3-ABFDCD0D0A03}.Release|Any CPU.ActiveCfg = Release|Any CPU
		{4CA04336-E415-4EBA-81F3-ABFDCD0D0A03}.Release|Any CPU.Build.0 = Release|Any CPU
		{4CA04336-E415-4EBA-81F3-ABFDCD0D0A03}.Release|x64.ActiveCfg = Release|Any CPU
		{4CA04336-E415-4EBA-81F3-ABFDCD0D0A03}.Release|x64.Build.0 = Release|Any CPU
		{4CA04336-E415-4EBA-81F3-ABFDCD0D0A03}.Release|x86.ActiveCfg = Release|Any CPU
		{4CA04336-E415-4EBA-81F3-ABFDCD0D0A03}.Release|x86.Build.0 = Release|Any CPU
		{75A9145A-9B09-48DC-A28E-4C8C6ECFD7E4}.Debug|Any CPU.ActiveCfg = Debug|Any CPU
		{75A9145A-9B09-48DC-A28E-4C8C6ECFD7E4}.Debug|Any CPU.Build.0 = Debug|Any CPU
		{75A9145A-9B09-48DC-A28E-4C8C6ECFD7E4}.Debug|x64.ActiveCfg = Debug|Any CPU
		{75A9145A-9B09-48DC-A28E-4C8C6ECFD7E4}.Debug|x64.Build.0 = Debug|Any CPU
		{75A9145A-9B09-48DC-A28E-4C8C6ECFD7E4}.Debug|x86.ActiveCfg = Debug|Any CPU
		{75A9145A-9B09-48DC-A28E-4C8C6ECFD7E4}.Debug|x86.Build.0 = Debug|Any CPU
		{75A9145A-9B09-48DC-A28E-4C8C6ECFD7E4}.Release|Any CPU.ActiveCfg = Release|Any CPU
		{75A9145A-9B09-48DC-A28E-4C8C6ECFD7E4}.Release|Any CPU.Build.0 = Release|Any CPU
		{75A9145A-9B09-48DC-A28E-4C8C6ECFD7E4}.Release|x64.ActiveCfg = Release|Any CPU
		{75A9145A-9B09-48DC-A28E-4C8C6ECFD7E4}.Release|x64.Build.0 = Release|Any CPU
		{75A9145A-9B09-48DC-A28E-4C8C6ECFD7E4}.Release|x86.ActiveCfg = Release|Any CPU
		{75A9145A-9B09-48DC-A28E-4C8C6ECFD7E4}.Release|x86.Build.0 = Release|Any CPU
		{82E5059A-1A2D-4815-A9C1-933D39A6D499}.Debug|Any CPU.ActiveCfg = Debug|Any CPU
		{82E5059A-1A2D-4815-A9C1-933D39A6D499}.Debug|Any CPU.Build.0 = Debug|Any CPU
		{82E5059A-1A2D-4815-A9C1-933D39A6D499}.Debug|x64.ActiveCfg = Debug|Any CPU
		{82E5059A-1A2D-4815-A9C1-933D39A6D499}.Debug|x64.Build.0 = Debug|Any CPU
		{82E5059A-1A2D-4815-A9C1-933D39A6D499}.Debug|x86.ActiveCfg = Debug|Any CPU
		{82E5059A-1A2D-4815-A9C1-933D39A6D499}.Debug|x86.Build.0 = Debug|Any CPU
		{82E5059A-1A2D-4815-A9C1-933D39A6D499}.Release|Any CPU.ActiveCfg = Release|Any CPU
		{82E5059A-1A2D-4815-A9C1-933D39A6D499}.Release|Any CPU.Build.0 = Release|Any CPU
		{82E5059A-1A2D-4815-A9C1-933D39A6D499}.Release|x64.ActiveCfg = Release|Any CPU
		{82E5059A-1A2D-4815-A9C1-933D39A6D499}.Release|x64.Build.0 = Release|Any CPU
		{82E5059A-1A2D-4815-A9C1-933D39A6D499}.Release|x86.ActiveCfg = Release|Any CPU
		{82E5059A-1A2D-4815-A9C1-933D39A6D499}.Release|x86.Build.0 = Release|Any CPU
		{EFBB6B01-BCD2-4795-B9CE-F0417003EF72}.Debug|Any CPU.ActiveCfg = Debug|Any CPU
		{EFBB6B01-BCD2-4795-B9CE-F0417003EF72}.Debug|Any CPU.Build.0 = Debug|Any CPU
		{EFBB6B01-BCD2-4795-B9CE-F0417003EF72}.Debug|x64.ActiveCfg = Debug|Any CPU
		{EFBB6B01-BCD2-4795-B9CE-F0417003EF72}.Debug|x64.Build.0 = Debug|Any CPU
		{EFBB6B01-BCD2-4795-B9CE-F0417003EF72}.Debug|x86.ActiveCfg = Debug|Any CPU
		{EFBB6B01-BCD2-4795-B9CE-F0417003EF72}.Debug|x86.Build.0 = Debug|Any CPU
		{EFBB6B01-BCD2-4795-B9CE-F0417003EF72}.Release|Any CPU.ActiveCfg = Release|Any CPU
		{EFBB6B01-BCD2-4795-B9CE-F0417003EF72}.Release|Any CPU.Build.0 = Release|Any CPU
		{EFBB6B01-BCD2-4795-B9CE-F0417003EF72}.Release|x64.ActiveCfg = Release|Any CPU
		{EFBB6B01-BCD2-4795-B9CE-F0417003EF72}.Release|x64.Build.0 = Release|Any CPU
		{EFBB6B01-BCD2-4795-B9CE-F0417003EF72}.Release|x86.ActiveCfg = Release|Any CPU
		{EFBB6B01-BCD2-4795-B9CE-F0417003EF72}.Release|x86.Build.0 = Release|Any CPU
		{41FF0821-B70C-431C-9CAA-10A8453144A9}.Debug|Any CPU.ActiveCfg = Debug|Any CPU
		{41FF0821-B70C-431C-9CAA-10A8453144A9}.Debug|Any CPU.Build.0 = Debug|Any CPU
		{41FF0821-B70C-431C-9CAA-10A8453144A9}.Debug|x64.ActiveCfg = Debug|Any CPU
		{41FF0821-B70C-431C-9CAA-10A8453144A9}.Debug|x64.Build.0 = Debug|Any CPU
		{41FF0821-B70C-431C-9CAA-10A8453144A9}.Debug|x86.ActiveCfg = Debug|Any CPU
		{41FF0821-B70C-431C-9CAA-10A8453144A9}.Debug|x86.Build.0 = Debug|Any CPU
		{41FF0821-B70C-431C-9CAA-10A8453144A9}.Release|Any CPU.ActiveCfg = Release|Any CPU
		{41FF0821-B70C-431C-9CAA-10A8453144A9}.Release|Any CPU.Build.0 = Release|Any CPU
		{41FF0821-B70C-431C-9CAA-10A8453144A9}.Release|x64.ActiveCfg = Release|Any CPU
		{41FF0821-B70C-431C-9CAA-10A8453144A9}.Release|x64.Build.0 = Release|Any CPU
		{41FF0821-B70C-431C-9CAA-10A8453144A9}.Release|x86.ActiveCfg = Release|Any CPU
		{41FF0821-B70C-431C-9CAA-10A8453144A9}.Release|x86.Build.0 = Release|Any CPU
		{9140A196-BE72-4D70-9641-86C57F0E8431}.Debug|Any CPU.ActiveCfg = Debug|Any CPU
		{9140A196-BE72-4D70-9641-86C57F0E8431}.Debug|Any CPU.Build.0 = Debug|Any CPU
		{9140A196-BE72-4D70-9641-86C57F0E8431}.Debug|x64.ActiveCfg = Debug|Any CPU
		{9140A196-BE72-4D70-9641-86C57F0E8431}.Debug|x64.Build.0 = Debug|Any CPU
		{9140A196-BE72-4D70-9641-86C57F0E8431}.Debug|x86.ActiveCfg = Debug|Any CPU
		{9140A196-BE72-4D70-9641-86C57F0E8431}.Debug|x86.Build.0 = Debug|Any CPU
		{9140A196-BE72-4D70-9641-86C57F0E8431}.Release|Any CPU.ActiveCfg = Release|Any CPU
		{9140A196-BE72-4D70-9641-86C57F0E8431}.Release|Any CPU.Build.0 = Release|Any CPU
		{9140A196-BE72-4D70-9641-86C57F0E8431}.Release|x64.ActiveCfg = Release|Any CPU
		{9140A196-BE72-4D70-9641-86C57F0E8431}.Release|x64.Build.0 = Release|Any CPU
		{9140A196-BE72-4D70-9641-86C57F0E8431}.Release|x86.ActiveCfg = Release|Any CPU
		{9140A196-BE72-4D70-9641-86C57F0E8431}.Release|x86.Build.0 = Release|Any CPU
		{A38D741C-56D9-40D9-AD3E-C045F4D79637}.Debug|Any CPU.ActiveCfg = Debug|Any CPU
		{A38D741C-56D9-40D9-AD3E-C045F4D79637}.Debug|Any CPU.Build.0 = Debug|Any CPU
		{A38D741C-56D9-40D9-AD3E-C045F4D79637}.Debug|x64.ActiveCfg = Debug|Any CPU
		{A38D741C-56D9-40D9-AD3E-C045F4D79637}.Debug|x64.Build.0 = Debug|Any CPU
		{A38D741C-56D9-40D9-AD3E-C045F4D79637}.Debug|x86.ActiveCfg = Debug|Any CPU
		{A38D741C-56D9-40D9-AD3E-C045F4D79637}.Debug|x86.Build.0 = Debug|Any CPU
		{A38D741C-56D9-40D9-AD3E-C045F4D79637}.Release|Any CPU.ActiveCfg = Release|Any CPU
		{A38D741C-56D9-40D9-AD3E-C045F4D79637}.Release|Any CPU.Build.0 = Release|Any CPU
		{A38D741C-56D9-40D9-AD3E-C045F4D79637}.Release|x64.ActiveCfg = Release|Any CPU
		{A38D741C-56D9-40D9-AD3E-C045F4D79637}.Release|x64.Build.0 = Release|Any CPU
		{A38D741C-56D9-40D9-AD3E-C045F4D79637}.Release|x86.ActiveCfg = Release|Any CPU
		{A38D741C-56D9-40D9-AD3E-C045F4D79637}.Release|x86.Build.0 = Release|Any CPU
		{395E9B68-21B2-42CB-AE13-868726760EC3}.Debug|Any CPU.ActiveCfg = Debug|Any CPU
		{395E9B68-21B2-42CB-AE13-868726760EC3}.Debug|Any CPU.Build.0 = Debug|Any CPU
		{395E9B68-21B2-42CB-AE13-868726760EC3}.Debug|x64.ActiveCfg = Debug|Any CPU
		{395E9B68-21B2-42CB-AE13-868726760EC3}.Debug|x64.Build.0 = Debug|Any CPU
		{395E9B68-21B2-42CB-AE13-868726760EC3}.Debug|x86.ActiveCfg = Debug|Any CPU
		{395E9B68-21B2-42CB-AE13-868726760EC3}.Debug|x86.Build.0 = Debug|Any CPU
		{395E9B68-21B2-42CB-AE13-868726760EC3}.Release|Any CPU.ActiveCfg = Release|Any CPU
		{395E9B68-21B2-42CB-AE13-868726760EC3}.Release|Any CPU.Build.0 = Release|Any CPU
		{395E9B68-21B2-42CB-AE13-868726760EC3}.Release|x64.ActiveCfg = Release|Any CPU
		{395E9B68-21B2-42CB-AE13-868726760EC3}.Release|x64.Build.0 = Release|Any CPU
		{395E9B68-21B2-42CB-AE13-868726760EC3}.Release|x86.ActiveCfg = Release|Any CPU
		{395E9B68-21B2-42CB-AE13-868726760EC3}.Release|x86.Build.0 = Release|Any CPU
		{BAB9BC4F-3452-4A25-9F26-69C73D58AFDF}.Debug|Any CPU.ActiveCfg = Debug|Any CPU
		{BAB9BC4F-3452-4A25-9F26-69C73D58AFDF}.Debug|Any CPU.Build.0 = Debug|Any CPU
		{BAB9BC4F-3452-4A25-9F26-69C73D58AFDF}.Debug|x64.ActiveCfg = Debug|Any CPU
		{BAB9BC4F-3452-4A25-9F26-69C73D58AFDF}.Debug|x64.Build.0 = Debug|Any CPU
		{BAB9BC4F-3452-4A25-9F26-69C73D58AFDF}.Debug|x86.ActiveCfg = Debug|Any CPU
		{BAB9BC4F-3452-4A25-9F26-69C73D58AFDF}.Debug|x86.Build.0 = Debug|Any CPU
		{BAB9BC4F-3452-4A25-9F26-69C73D58AFDF}.Release|Any CPU.ActiveCfg = Release|Any CPU
		{BAB9BC4F-3452-4A25-9F26-69C73D58AFDF}.Release|Any CPU.Build.0 = Release|Any CPU
		{BAB9BC4F-3452-4A25-9F26-69C73D58AFDF}.Release|x64.ActiveCfg = Release|Any CPU
		{BAB9BC4F-3452-4A25-9F26-69C73D58AFDF}.Release|x64.Build.0 = Release|Any CPU
		{BAB9BC4F-3452-4A25-9F26-69C73D58AFDF}.Release|x86.ActiveCfg = Release|Any CPU
		{BAB9BC4F-3452-4A25-9F26-69C73D58AFDF}.Release|x86.Build.0 = Release|Any CPU
	EndGlobalSection
	GlobalSection(SolutionProperties) = preSolution
		HideSolutionNode = FALSE
	EndGlobalSection
	GlobalSection(NestedProjects) = preSolution
		{ED011E7E-84F9-4DBE-A4AE-8F4AB2455929} = {9550BFAC-7055-4B8B-B391-BC93D2588A16}
		{026F0C48-6597-45A9-A8BA-2CB9E5446197} = {C1D2A111-5CFD-45DF-8CE2-A56050F3BF0A}
		{72E8DB79-9DD3-4102-9E73-4E5390DCE2DB} = {9550BFAC-7055-4B8B-B391-BC93D2588A16}
		{D2D5E3AC-E0A7-45E5-A2E1-D5428EBF3A44} = {C1D2A111-5CFD-45DF-8CE2-A56050F3BF0A}
		{B0A9CBE2-FF87-4B2E-95DB-3C2707595C5A} = {C1D2A111-5CFD-45DF-8CE2-A56050F3BF0A}
		{7FB89E58-483E-42A1-807D-BEEE1DF2BC76} = {9550BFAC-7055-4B8B-B391-BC93D2588A16}
		{4195FE50-2868-4BFD-A876-13AC6DBE8781} = {C1D2A111-5CFD-45DF-8CE2-A56050F3BF0A}
		{2D89F7C2-484E-48A1-97B7-D993099AC7B2} = {9550BFAC-7055-4B8B-B391-BC93D2588A16}
		{43415D5C-A8AD-4875-A444-60FFBCA5C605} = {9550BFAC-7055-4B8B-B391-BC93D2588A16}
		{13A7C8DF-F614-4028-AB8C-F0E624A84CEF} = {C1D2A111-5CFD-45DF-8CE2-A56050F3BF0A}
		{AD3BF73F-2F83-4D8A-AFC4-0B0BE699EDA1} = {C1D2A111-5CFD-45DF-8CE2-A56050F3BF0A}
		{73CB2A9D-1796-4235-82E9-813F25748B7D} = {C1D2A111-5CFD-45DF-8CE2-A56050F3BF0A}
		{DDE24874-3891-4865-A313-379F8EA64825} = {C1D2A111-5CFD-45DF-8CE2-A56050F3BF0A}
		{9E5244B7-9669-4E2F-B30D-1C77AC99C193} = {C1D2A111-5CFD-45DF-8CE2-A56050F3BF0A}
		{A38BE793-0F84-4F32-98D3-825A2B58B4F9} = {9550BFAC-7055-4B8B-B391-BC93D2588A16}
		{D12D2E06-612F-419E-9C95-23A8752C3045} = {9550BFAC-7055-4B8B-B391-BC93D2588A16}
		{312D53A0-2428-4203-A13B-3A161E50F114} = {C1D2A111-5CFD-45DF-8CE2-A56050F3BF0A}
		{4CA04336-E415-4EBA-81F3-ABFDCD0D0A03} = {C1D2A111-5CFD-45DF-8CE2-A56050F3BF0A}
		{75A9145A-9B09-48DC-A28E-4C8C6ECFD7E4} = {C1D2A111-5CFD-45DF-8CE2-A56050F3BF0A}
		{82E5059A-1A2D-4815-A9C1-933D39A6D499} = {9550BFAC-7055-4B8B-B391-BC93D2588A16}
		{EFBB6B01-BCD2-4795-B9CE-F0417003EF72} = {C1D2A111-5CFD-45DF-8CE2-A56050F3BF0A}
		{41FF0821-B70C-431C-9CAA-10A8453144A9} = {9550BFAC-7055-4B8B-B391-BC93D2588A16}
		{9140A196-BE72-4D70-9641-86C57F0E8431} = {C1D2A111-5CFD-45DF-8CE2-A56050F3BF0A}
		{A38D741C-56D9-40D9-AD3E-C045F4D79637} = {58641E8B-8AB1-4D21-89DA-B8887907E082}
		{395E9B68-21B2-42CB-AE13-868726760EC3} = {9550BFAC-7055-4B8B-B391-BC93D2588A16}
		{BAB9BC4F-3452-4A25-9F26-69C73D58AFDF} = {58641E8B-8AB1-4D21-89DA-B8887907E082}
	EndGlobalSection
	GlobalSection(ExtensibilityGlobals) = postSolution
		SolutionGuid = {54AAD5D1-3F1A-43DC-80BB-2C61D8945F25}
	EndGlobalSection
EndGlobal
